
Microsoft Visual Studio Solution File, Format Version 12.00
# Visual Studio Version 17
VisualStudioVersion = 17.8.34309.116
MinimumVisualStudioVersion = 10.0.40219.1
Project("{9A19103F-16F7-4668-BE54-9A1E7A4F7556}") = "Day01Trebuchet", "AdventOfCode2023\Day01Trebuchet.csproj", "{5B4A3828-1954-413C-B6F0-6C10E2CEF466}"
EndProject
Project("{FAE04EC0-301F-11D3-BF4B-00C04F79EFBC}") = "Day02Cube", "Day02Cube\Day02Cube.csproj", "{7A99F197-43F2-4D7A-83C0-5732FF8E1365}"
EndProject
Global
	GlobalSection(SolutionConfigurationPlatforms) = preSolution
		Debug|Any CPU = Debug|Any CPU
		Release|Any CPU = Release|Any CPU
	EndGlobalSection
	GlobalSection(ProjectConfigurationPlatforms) = postSolution
		{5B4A3828-1954-413C-B6F0-6C10E2CEF466}.Debug|Any CPU.ActiveCfg = Debug|Any CPU
		{5B4A3828-1954-413C-B6F0-6C10E2CEF466}.Debug|Any CPU.Build.0 = Debug|Any CPU
		{5B4A3828-1954-413C-B6F0-6C10E2CEF466}.Release|Any CPU.ActiveCfg = Release|Any CPU
		{5B4A3828-1954-413C-B6F0-6C10E2CEF466}.Release|Any CPU.Build.0 = Release|Any CPU
		{7A99F197-43F2-4D7A-83C0-5732FF8E1365}.Debug|Any CPU.ActiveCfg = Debug|Any CPU
		{7A99F197-43F2-4D7A-83C0-5732FF8E1365}.Debug|Any CPU.Build.0 = Debug|Any CPU
		{7A99F197-43F2-4D7A-83C0-5732FF8E1365}.Release|Any CPU.ActiveCfg = Release|Any CPU
		{7A99F197-43F2-4D7A-83C0-5732FF8E1365}.Release|Any CPU.Build.0 = Release|Any CPU
	EndGlobalSection
	GlobalSection(SolutionProperties) = preSolution
		HideSolutionNode = FALSE
	EndGlobalSection
	GlobalSection(ExtensibilityGlobals) = postSolution
		SolutionGuid = {0C25BB39-611A-45B2-8F91-A00BA4F6DC44}
	EndGlobalSection
EndGlobal
